{
  "name": "@mgread-plugin/runtime-fixture",
  "version": "1.0.0",
  "lockfileVersion": 3,
  "requires": true,
  "packages": {
    "": {
      "name": "@mgread-plugin/runtime-fixture",
      "version": "1.0.0",
      "dependencies": {
        "local-helper": "file:./packages/local-helper"
      }
    },
    "node_modules/local-helper": {
      "version": "1.0.0",
      "resolved": "packages/local-helper",
      "link": true
    },
    "packages/local-helper": {
      "version": "1.0.0"
    }
  }
}
